
Microsoft Visual Studio Solution File, Format Version 10.00
# Visual Studio 2008
Project("{F2A71F9B-5D33-465A-A702-920D77279786}") = "lsystems", "lsystems.fsproj", "{0C0FB8CF-6936-4B59-B027-AC2CBC1D4013}"
EndProject
Global
	GlobalSection(SolutionConfigurationPlatforms) = preSolution
		Debug|Any CPU = Debug|Any CPU
		Release|Any CPU = Release|Any CPU
	EndGlobalSection
	GlobalSection(ProjectConfigurationPlatforms) = postSolution
		{0C0FB8CF-6936-4B59-B027-AC2CBC1D4013}.Debug|Any CPU.ActiveCfg = Debug|Any CPU
		{0C0FB8CF-6936-4B59-B027-AC2CBC1D4013}.Debug|Any CPU.Build.0 = Debug|Any CPU
		{0C0FB8CF-6936-4B59-B027-AC2CBC1D4013}.Release|Any CPU.ActiveCfg = Release|Any CPU
		{0C0FB8CF-6936-4B59-B027-AC2CBC1D4013}.Release|Any CPU.Build.0 = Release|Any CPU
	EndGlobalSection
	GlobalSection(SolutionProperties) = preSolution
		HideSolutionNode = FALSE
	EndGlobalSection
EndGlobal
